
Microsoft Visual Studio Solution File, Format Version 12.00
# Visual Studio 2012
Project("{FAE04EC0-301F-11D3-BF4B-00C04F79EFBC}") = "BreweryDB", "BreweryDB.csproj", "{84D549C9-B9CA-4C37-8C99-2C12DB8906B6}"
EndProject
Project("{2150E333-8FDC-42A3-9474-1A3956D46DE8}") = "Tests", "Tests", "{E0B35B0F-5755-4A15-A486-B4E8AF02026D}"
EndProject
Project("{FAE04EC0-301F-11D3-BF4B-00C04F79EFBC}") = "BreweryDB.Tests", "BreweryDB.Tests\BreweryDB.Tests.csproj", "{20793B1C-A49F-43BE-8D83-15C2453E4CDE}"
EndProject
Global
	GlobalSection(SolutionConfigurationPlatforms) = preSolution
		Debug|Any CPU = Debug|Any CPU
		Release|Any CPU = Release|Any CPU
	EndGlobalSection
	GlobalSection(ProjectConfigurationPlatforms) = postSolution
		{20793B1C-A49F-43BE-8D83-15C2453E4CDE}.Debug|Any CPU.ActiveCfg = Debug|Any CPU
		{20793B1C-A49F-43BE-8D83-15C2453E4CDE}.Debug|Any CPU.Build.0 = Debug|Any CPU
		{20793B1C-A49F-43BE-8D83-15C2453E4CDE}.Release|Any CPU.ActiveCfg = Release|Any CPU
		{20793B1C-A49F-43BE-8D83-15C2453E4CDE}.Release|Any CPU.Build.0 = Release|Any CPU
		{84D549C9-B9CA-4C37-8C99-2C12DB8906B6}.Debug|Any CPU.ActiveCfg = Debug|Any CPU
		{84D549C9-B9CA-4C37-8C99-2C12DB8906B6}.Debug|Any CPU.Build.0 = Debug|Any CPU
		{84D549C9-B9CA-4C37-8C99-2C12DB8906B6}.Release|Any CPU.ActiveCfg = Release|Any CPU
		{84D549C9-B9CA-4C37-8C99-2C12DB8906B6}.Release|Any CPU.Build.0 = Release|Any CPU
	EndGlobalSection
	GlobalSection(NestedProjects) = preSolution
		{20793B1C-A49F-43BE-8D83-15C2453E4CDE} = {E0B35B0F-5755-4A15-A486-B4E8AF02026D}
	EndGlobalSection
EndGlobal
